
Microsoft Visual Studio Solution File, Format Version 12.00
# Visual Studio Version 17
VisualStudioVersion = 17.4.33213.308
MinimumVisualStudioVersion = 10.0.40219.1
Project("{FAE04EC0-301F-11D3-BF4B-00C04F79EFBC}") = "farenheit", "farenheit.csproj", "{698584B3-2B8D-461E-BD59-AC64F63F42B1}"
EndProject
Global
	GlobalSection(SolutionConfigurationPlatforms) = preSolution
		Debug|Any CPU = Debug|Any CPU
		Release|Any CPU = Release|Any CPU
	EndGlobalSection
	GlobalSection(ProjectConfigurationPlatforms) = postSolution
		{698584B3-2B8D-461E-BD59-AC64F63F42B1}.Debug|Any CPU.ActiveCfg = Debug|Any CPU
		{698584B3-2B8D-461E-BD59-AC64F63F42B1}.Debug|Any CPU.Build.0 = Debug|Any CPU
		{698584B3-2B8D-461E-BD59-AC64F63F42B1}.Release|Any CPU.ActiveCfg = Release|Any CPU
		{698584B3-2B8D-461E-BD59-AC64F63F42B1}.Release|Any CPU.Build.0 = Release|Any CPU
	EndGlobalSection
	GlobalSection(SolutionProperties) = preSolution
		HideSolutionNode = FALSE
	EndGlobalSection
	GlobalSection(ExtensibilityGlobals) = postSolution
		SolutionGuid = {E1903C33-0671-43FA-BF94-CC96715F7137}
	EndGlobalSection
EndGlobal
